
Microsoft Visual Studio Solution File, Format Version 12.00
# Visual Studio Version 17
VisualStudioVersion = 17.4.33110.190
MinimumVisualStudioVersion = 10.0.40219.1
Project("{9A19103F-16F7-4668-BE54-9A1E7A4F7556}") = "Downloader.CWIX22", "Downloader.CWIX22\Downloader.CWIX22.csproj", "{17F3D630-0735-4059-82B4-BF3764506A25}"
EndProject
Project("{9A19103F-16F7-4668-BE54-9A1E7A4F7556}") = "Downloader.Commons", "Downloader.Commons\Downloader.Commons.csproj", "{CB7DAD3C-4180-4690-9C33-7713D60C683F}"
EndProject
Project("{9A19103F-16F7-4668-BE54-9A1E7A4F7556}") = "Downloader.CWIX21", "Downloader.CWIX21\Downloader.CWIX21.csproj", "{64908D21-43FC-407C-B260-7B2E28527D9A}"
EndProject
Project("{9A19103F-16F7-4668-BE54-9A1E7A4F7556}") = "Downloader.CWIX20", "Downloader.CWIX20\Downloader.CWIX20.csproj", "{8F565ED1-8FC9-4F6B-9107-4F24E51712CE}"
EndProject
Project("{9A19103F-16F7-4668-BE54-9A1E7A4F7556}") = "Downloader.CWIX19", "Downloader.CWIX19\Downloader.CWIX19.csproj", "{68669E6C-B96E-4CE4-9103-A32CBF188624}"
EndProject
Project("{FAE04EC0-301F-11D3-BF4B-00C04F79EFBC}") = "Downloader.Countries", "Downloader.Countries\Downloader.Countries.csproj", "{5656E7DF-35DE-469E-B482-F7F6312A2171}"
EndProject
Global
	GlobalSection(SolutionConfigurationPlatforms) = preSolution
		Debug|Any CPU = Debug|Any CPU
		Release|Any CPU = Release|Any CPU
	EndGlobalSection
	GlobalSection(ProjectConfigurationPlatforms) = postSolution
		{17F3D630-0735-4059-82B4-BF3764506A25}.Debug|Any CPU.ActiveCfg = Debug|Any CPU
		{17F3D630-0735-4059-82B4-BF3764506A25}.Debug|Any CPU.Build.0 = Debug|Any CPU
		{17F3D630-0735-4059-82B4-BF3764506A25}.Release|Any CPU.ActiveCfg = Release|Any CPU
		{17F3D630-0735-4059-82B4-BF3764506A25}.Release|Any CPU.Build.0 = Release|Any CPU
		{CB7DAD3C-4180-4690-9C33-7713D60C683F}.Debug|Any CPU.ActiveCfg = Debug|Any CPU
		{CB7DAD3C-4180-4690-9C33-7713D60C683F}.Debug|Any CPU.Build.0 = Debug|Any CPU
		{CB7DAD3C-4180-4690-9C33-7713D60C683F}.Release|Any CPU.ActiveCfg = Release|Any CPU
		{CB7DAD3C-4180-4690-9C33-7713D60C683F}.Release|Any CPU.Build.0 = Release|Any CPU
		{64908D21-43FC-407C-B260-7B2E28527D9A}.Debug|Any CPU.ActiveCfg = Debug|Any CPU
		{64908D21-43FC-407C-B260-7B2E28527D9A}.Debug|Any CPU.Build.0 = Debug|Any CPU
		{64908D21-43FC-407C-B260-7B2E28527D9A}.Release|Any CPU.ActiveCfg = Release|Any CPU
		{64908D21-43FC-407C-B260-7B2E28527D9A}.Release|Any CPU.Build.0 = Release|Any CPU
		{8F565ED1-8FC9-4F6B-9107-4F24E51712CE}.Debug|Any CPU.ActiveCfg = Debug|Any CPU
		{8F565ED1-8FC9-4F6B-9107-4F24E51712CE}.Debug|Any CPU.Build.0 = Debug|Any CPU
		{8F565ED1-8FC9-4F6B-9107-4F24E51712CE}.Release|Any CPU.ActiveCfg = Release|Any CPU
		{8F565ED1-8FC9-4F6B-9107-4F24E51712CE}.Release|Any CPU.Build.0 = Release|Any CPU
		{68669E6C-B96E-4CE4-9103-A32CBF188624}.Debug|Any CPU.ActiveCfg = Debug|Any CPU
		{68669E6C-B96E-4CE4-9103-A32CBF188624}.Debug|Any CPU.Build.0 = Debug|Any CPU
		{68669E6C-B96E-4CE4-9103-A32CBF188624}.Release|Any CPU.ActiveCfg = Release|Any CPU
		{68669E6C-B96E-4CE4-9103-A32CBF188624}.Release|Any CPU.Build.0 = Release|Any CPU
		{5656E7DF-35DE-469E-B482-F7F6312A2171}.Debug|Any CPU.ActiveCfg = Debug|Any CPU
		{5656E7DF-35DE-469E-B482-F7F6312A2171}.Debug|Any CPU.Build.0 = Debug|Any CPU
		{5656E7DF-35DE-469E-B482-F7F6312A2171}.Release|Any CPU.ActiveCfg = Release|Any CPU
		{5656E7DF-35DE-469E-B482-F7F6312A2171}.Release|Any CPU.Build.0 = Release|Any CPU
	EndGlobalSection
	GlobalSection(SolutionProperties) = preSolution
		HideSolutionNode = FALSE
	EndGlobalSection
	GlobalSection(ExtensibilityGlobals) = postSolution
		SolutionGuid = {BC579CF8-6666-4C53-9744-000D137332D9}
	EndGlobalSection
EndGlobal
